
Microsoft Visual Studio Solution File, Format Version 12.00
# Visual Studio Version 17
VisualStudioVersion = 17.6.33815.320
MinimumVisualStudioVersion = 10.0.40219.1
Project("{9A19103F-16F7-4668-BE54-9A1E7A4F7556}") = "Blazorly.ClientApplication.Core", "Blazorly.ClientApplication.Core\Blazorly.ClientApplication.Core.csproj", "{78028FAA-A16F-4B94-953C-87A9208547CA}"
EndProject
Project("{9A19103F-16F7-4668-BE54-9A1E7A4F7556}") = "ScratchPad", "ScratchPad\ScratchPad.csproj", "{49A7DE7F-ADA7-4B43-A694-3F2C15E2CEF5}"
EndProject
Project("{9A19103F-16F7-4668-BE54-9A1E7A4F7556}") = "Blazorly.ClientApplication.SDK", "Blazorly.ClientApplication.SDK\Blazorly.ClientApplication.SDK.csproj", "{6EB0638B-9902-456C-9298-5301411A2148}"
EndProject
Project("{9A19103F-16F7-4668-BE54-9A1E7A4F7556}") = "BlazorlyClientApp", "BlazorlyClientApp\BlazorlyClientApp.csproj", "{09A657B9-4472-4173-9688-5C7683C7CA2E}"
EndProject
Project("{9A19103F-16F7-4668-BE54-9A1E7A4F7556}") = "Blazorly.ClientApplication.CoreModules", "Blazorly.ClientApplication.CoreModules\Blazorly.ClientApplication.CoreModules.csproj", "{F3BC6CB5-4BCD-40B3-A306-E486AE6E09E0}"
EndProject
Project("{FAE04EC0-301F-11D3-BF4B-00C04F79EFBC}") = "Blazorly.ClientApplication.Backend", "Blazorly.ClientApplication.Backend\Blazorly.ClientApplication.Backend.csproj", "{0E0EF7D3-A051-4712-B868-970691EBC637}"
EndProject
Global
	GlobalSection(SolutionConfigurationPlatforms) = preSolution
		Debug|Any CPU = Debug|Any CPU
		Release|Any CPU = Release|Any CPU
	EndGlobalSection
	GlobalSection(ProjectConfigurationPlatforms) = postSolution
		{78028FAA-A16F-4B94-953C-87A9208547CA}.Debug|Any CPU.ActiveCfg = Debug|Any CPU
		{78028FAA-A16F-4B94-953C-87A9208547CA}.Debug|Any CPU.Build.0 = Debug|Any CPU
		{78028FAA-A16F-4B94-953C-87A9208547CA}.Release|Any CPU.ActiveCfg = Release|Any CPU
		{78028FAA-A16F-4B94-953C-87A9208547CA}.Release|Any CPU.Build.0 = Release|Any CPU
		{49A7DE7F-ADA7-4B43-A694-3F2C15E2CEF5}.Debug|Any CPU.ActiveCfg = Debug|Any CPU
		{49A7DE7F-ADA7-4B43-A694-3F2C15E2CEF5}.Debug|Any CPU.Build.0 = Debug|Any CPU
		{49A7DE7F-ADA7-4B43-A694-3F2C15E2CEF5}.Release|Any CPU.ActiveCfg = Release|Any CPU
		{49A7DE7F-ADA7-4B43-A694-3F2C15E2CEF5}.Release|Any CPU.Build.0 = Release|Any CPU
		{6EB0638B-9902-456C-9298-5301411A2148}.Debug|Any CPU.ActiveCfg = Debug|Any CPU
		{6EB0638B-9902-456C-9298-5301411A2148}.Debug|Any CPU.Build.0 = Debug|Any CPU
		{6EB0638B-9902-456C-9298-5301411A2148}.Release|Any CPU.ActiveCfg = Release|Any CPU
		{6EB0638B-9902-456C-9298-5301411A2148}.Release|Any CPU.Build.0 = Release|Any CPU
		{09A657B9-4472-4173-9688-5C7683C7CA2E}.Debug|Any CPU.ActiveCfg = Debug|Any CPU
		{09A657B9-4472-4173-9688-5C7683C7CA2E}.Debug|Any CPU.Build.0 = Debug|Any CPU
		{09A657B9-4472-4173-9688-5C7683C7CA2E}.Release|Any CPU.ActiveCfg = Release|Any CPU
		{09A657B9-4472-4173-9688-5C7683C7CA2E}.Release|Any CPU.Build.0 = Release|Any CPU
		{F3BC6CB5-4BCD-40B3-A306-E486AE6E09E0}.Debug|Any CPU.ActiveCfg = Debug|Any CPU
		{F3BC6CB5-4BCD-40B3-A306-E486AE6E09E0}.Debug|Any CPU.Build.0 = Debug|Any CPU
		{F3BC6CB5-4BCD-40B3-A306-E486AE6E09E0}.Release|Any CPU.ActiveCfg = Release|Any CPU
		{F3BC6CB5-4BCD-40B3-A306-E486AE6E09E0}.Release|Any CPU.Build.0 = Release|Any CPU
		{0E0EF7D3-A051-4712-B868-970691EBC637}.Debug|Any CPU.ActiveCfg = Debug|Any CPU
		{0E0EF7D3-A051-4712-B868-970691EBC637}.Debug|Any CPU.Build.0 = Debug|Any CPU
		{0E0EF7D3-A051-4712-B868-970691EBC637}.Release|Any CPU.ActiveCfg = Release|Any CPU
		{0E0EF7D3-A051-4712-B868-970691EBC637}.Release|Any CPU.Build.0 = Release|Any CPU
	EndGlobalSection
	GlobalSection(SolutionProperties) = preSolution
		HideSolutionNode = FALSE
	EndGlobalSection
	GlobalSection(ExtensibilityGlobals) = postSolution
		SolutionGuid = {1C284834-49FB-4F0B-AFBB-4142E21E3423}
	EndGlobalSection
EndGlobal
